
Microsoft Visual Studio Solution File, Format Version 12.00
# Visual Studio Version 16
VisualStudioVersion = 16.0.28803.156
MinimumVisualStudioVersion = 10.0.40219.1
Project("{FAE04EC0-301F-11D3-BF4B-00C04F79EFBC}") = "FOOTBALL", "FOOTBALL\FOOTBALL.csproj", "{8BA67D57-670A-40A5-82FD-ED2EDEA4BE3A}"
EndProject
Global
	GlobalSection(SolutionConfigurationPlatforms) = preSolution
		Debug|Any CPU = Debug|Any CPU
		Release|Any CPU = Release|Any CPU
	EndGlobalSection
	GlobalSection(ProjectConfigurationPlatforms) = postSolution
		{8BA67D57-670A-40A5-82FD-ED2EDEA4BE3A}.Debug|Any CPU.ActiveCfg = Debug|Any CPU
		{8BA67D57-670A-40A5-82FD-ED2EDEA4BE3A}.Debug|Any CPU.Build.0 = Debug|Any CPU
		{8BA67D57-670A-40A5-82FD-ED2EDEA4BE3A}.Release|Any CPU.ActiveCfg = Release|Any CPU
		{8BA67D57-670A-40A5-82FD-ED2EDEA4BE3A}.Release|Any CPU.Build.0 = Release|Any CPU
	EndGlobalSection
	GlobalSection(SolutionProperties) = preSolution
		HideSolutionNode = FALSE
	EndGlobalSection
	GlobalSection(ExtensibilityGlobals) = postSolution
		SolutionGuid = {503FAA76-78E7-4475-B5BC-8E01EBEA1203}
	EndGlobalSection
EndGlobal
